
Microsoft Visual Studio Solution File, Format Version 12.00
# Visual Studio 2012
Project("{FAE04EC0-301F-11D3-BF4B-00C04F79EFBC}") = "BabyNameGenerator", "BabyNameGenerator\BabyNameGenerator.csproj", "{DE51DA78-452D-44D1-A920-5EAE0B21D301}"
EndProject
Global
	GlobalSection(SolutionConfigurationPlatforms) = preSolution
		Debug|Any CPU = Debug|Any CPU
		Release|Any CPU = Release|Any CPU
	EndGlobalSection
	GlobalSection(ProjectConfigurationPlatforms) = postSolution
		{DE51DA78-452D-44D1-A920-5EAE0B21D301}.Debug|Any CPU.ActiveCfg = Debug|Any CPU
		{DE51DA78-452D-44D1-A920-5EAE0B21D301}.Debug|Any CPU.Build.0 = Debug|Any CPU
		{DE51DA78-452D-44D1-A920-5EAE0B21D301}.Release|Any CPU.ActiveCfg = Release|Any CPU
		{DE51DA78-452D-44D1-A920-5EAE0B21D301}.Release|Any CPU.Build.0 = Release|Any CPU
	EndGlobalSection
	GlobalSection(SolutionProperties) = preSolution
		HideSolutionNode = FALSE
	EndGlobalSection
EndGlobal
